
Microsoft Visual Studio Solution File, Format Version 12.00
# Visual Studio Version 16
VisualStudioVersion = 16.0.30907.101
MinimumVisualStudioVersion = 10.0.40219.1
Project("{2150E333-8FDC-42A3-9474-1A3956D46DE8}") = "test", "test", "{C4EEC908-996C-4A06-BB07-81BD274A1369}"
EndProject
Project("{2150E333-8FDC-42A3-9474-1A3956D46DE8}") = "slnItems", "slnItems", "{73F217C8-9F8C-4F91-A605-73BC422F7C47}"
	ProjectSection(SolutionItems) = preProject
		.gitattributes = .gitattributes
		.gitignore = .gitignore
		README.md = README.md
	EndProjectSection
EndProject
Project("{FAE04EC0-301F-11D3-BF4B-00C04F79EFBC}") = "Kata.MarsRover.Tests", "test\Kata.MarsRover.Tests\Kata.MarsRover.Tests.csproj", "{17995714-BB7D-437C-81C5-42E6E0C43324}"
EndProject
Global
	GlobalSection(SolutionConfigurationPlatforms) = preSolution
		Debug|Any CPU = Debug|Any CPU
		Release|Any CPU = Release|Any CPU
	EndGlobalSection
	GlobalSection(ProjectConfigurationPlatforms) = postSolution
		{17995714-BB7D-437C-81C5-42E6E0C43324}.Debug|Any CPU.ActiveCfg = Debug|Any CPU
		{17995714-BB7D-437C-81C5-42E6E0C43324}.Debug|Any CPU.Build.0 = Debug|Any CPU
		{17995714-BB7D-437C-81C5-42E6E0C43324}.Release|Any CPU.ActiveCfg = Release|Any CPU
		{17995714-BB7D-437C-81C5-42E6E0C43324}.Release|Any CPU.Build.0 = Release|Any CPU
	EndGlobalSection
	GlobalSection(SolutionProperties) = preSolution
		HideSolutionNode = FALSE
	EndGlobalSection
	GlobalSection(NestedProjects) = preSolution
		{17995714-BB7D-437C-81C5-42E6E0C43324} = {C4EEC908-996C-4A06-BB07-81BD274A1369}
	EndGlobalSection
	GlobalSection(ExtensibilityGlobals) = postSolution
		SolutionGuid = {FC67976D-E1F0-4F77-8255-B41C66471CD4}
	EndGlobalSection
EndGlobal
